
Microsoft Visual Studio Solution File, Format Version 12.00
# Visual Studio Version 17
VisualStudioVersion = 17.2.32505.173
MinimumVisualStudioVersion = 10.0.40219.1
Project("{9A19103F-16F7-4668-BE54-9A1E7A4F7556}") = "RazorPagesGB", "RazorPagesGB\RazorPagesGB.csproj", "{93563642-57CA-4A98-81D4-9CB24F98DA43}"
EndProject
Project("{9A19103F-16F7-4668-BE54-9A1E7A4F7556}") = "TestConsole", "TestConsole\TestConsole.csproj", "{490394D8-AD2F-4261-8F59-D743E9F37653}"
EndProject
Project("{9A19103F-16F7-4668-BE54-9A1E7A4F7556}") = "TestBenchmark", "TestBenchmark\TestBenchmark.csproj", "{D52A31E1-B27E-4872-9169-8E2AA526BE82}"
EndProject
Project("{2150E333-8FDC-42A3-9474-1A3956D46DE8}") = "Tests", "Tests", "{3D44FB66-7D20-4BD9-AF3F-19098E9B5E34}"
EndProject
Project("{FAE04EC0-301F-11D3-BF4B-00C04F79EFBC}") = "AddIns", "AddIns\AddIns.csproj", "{E63C2994-FBA9-465F-9650-7F7E6CD8F7A9}"
EndProject
Project("{2150E333-8FDC-42A3-9474-1A3956D46DE8}") = "Extensions", "Extensions", "{50F5A945-D89F-4DF5-99EE-67495BFBECF8}"
EndProject
Global
	GlobalSection(SolutionConfigurationPlatforms) = preSolution
		Debug|Any CPU = Debug|Any CPU
		Release|Any CPU = Release|Any CPU
	EndGlobalSection
	GlobalSection(ProjectConfigurationPlatforms) = postSolution
		{93563642-57CA-4A98-81D4-9CB24F98DA43}.Debug|Any CPU.ActiveCfg = Debug|Any CPU
		{93563642-57CA-4A98-81D4-9CB24F98DA43}.Debug|Any CPU.Build.0 = Debug|Any CPU
		{93563642-57CA-4A98-81D4-9CB24F98DA43}.Release|Any CPU.ActiveCfg = Release|Any CPU
		{93563642-57CA-4A98-81D4-9CB24F98DA43}.Release|Any CPU.Build.0 = Release|Any CPU
		{490394D8-AD2F-4261-8F59-D743E9F37653}.Debug|Any CPU.ActiveCfg = Debug|Any CPU
		{490394D8-AD2F-4261-8F59-D743E9F37653}.Debug|Any CPU.Build.0 = Debug|Any CPU
		{490394D8-AD2F-4261-8F59-D743E9F37653}.Release|Any CPU.ActiveCfg = Release|Any CPU
		{490394D8-AD2F-4261-8F59-D743E9F37653}.Release|Any CPU.Build.0 = Release|Any CPU
		{D52A31E1-B27E-4872-9169-8E2AA526BE82}.Debug|Any CPU.ActiveCfg = Debug|Any CPU
		{D52A31E1-B27E-4872-9169-8E2AA526BE82}.Debug|Any CPU.Build.0 = Debug|Any CPU
		{D52A31E1-B27E-4872-9169-8E2AA526BE82}.Release|Any CPU.ActiveCfg = Release|Any CPU
		{D52A31E1-B27E-4872-9169-8E2AA526BE82}.Release|Any CPU.Build.0 = Release|Any CPU
		{E63C2994-FBA9-465F-9650-7F7E6CD8F7A9}.Debug|Any CPU.ActiveCfg = Debug|Any CPU
		{E63C2994-FBA9-465F-9650-7F7E6CD8F7A9}.Debug|Any CPU.Build.0 = Debug|Any CPU
		{E63C2994-FBA9-465F-9650-7F7E6CD8F7A9}.Release|Any CPU.ActiveCfg = Release|Any CPU
		{E63C2994-FBA9-465F-9650-7F7E6CD8F7A9}.Release|Any CPU.Build.0 = Release|Any CPU
	EndGlobalSection
	GlobalSection(SolutionProperties) = preSolution
		HideSolutionNode = FALSE
	EndGlobalSection
	GlobalSection(NestedProjects) = preSolution
		{490394D8-AD2F-4261-8F59-D743E9F37653} = {3D44FB66-7D20-4BD9-AF3F-19098E9B5E34}
		{D52A31E1-B27E-4872-9169-8E2AA526BE82} = {3D44FB66-7D20-4BD9-AF3F-19098E9B5E34}
		{E63C2994-FBA9-465F-9650-7F7E6CD8F7A9} = {50F5A945-D89F-4DF5-99EE-67495BFBECF8}
	EndGlobalSection
	GlobalSection(ExtensibilityGlobals) = postSolution
		SolutionGuid = {B06CA0FD-70EB-4E18-93FF-BCC487C57C19}
	EndGlobalSection
EndGlobal
